PODS:
  - BigInt (5.0.0)
  - CryptoSwift (1.5.1)
  - Flutter (1.0.0)
  - GenericJSON (2.0.2)
  - KeychainSwift (20.0.0)
  - secp256k1.swift (0.1.4)
  - single_fact_auth_flutter (0.0.1):
    - Flutter
    - SingleFactorAuth (~> 2.0.3)
  - SingleFactorAuth (2.0.3):
    - Torus-fetchNodeDetails (~> 4.0.1)
    - Torus-utils (~> 5.0.0)
    - TorusSessionManager (~> 2.0.0)
  - Torus-fetchNodeDetails (4.0.1):
    - web3.swift (~> 0.9.3)
  - Torus-utils (5.0.0):
    - CryptoSwift (~> 1.5.1)
    - secp256k1.swift (~> 0.1.4)
    - Torus-fetchNodeDetails (~> 4.0.0)
  - TorusSessionManager (2.0.0):
    - CryptoSwift (~> 1.5.1)
    - KeychainSwift (~> 20.0.0)
    - web3.swift (~> 0.9.3)
  - web3.swift (0.9.3):
    - BigInt (~> 5.0.0)
    - GenericJSON (~> 2.0)
    - secp256k1.swift (~> 0.1)

DEPENDENCIES:
  - Flutter (from `Flutter`)
  - single_fact_auth_flutter (from `.symlinks/plugins/single_fact_auth_flutter/ios`)

SPEC REPOS:
  trunk:
    - BigInt
    - CryptoSwift
    - GenericJSON
    - KeychainSwift
    - secp256k1.swift
    - SingleFactorAuth
    - Torus-fetchNodeDetails
    - Torus-utils
    - TorusSessionManager
    - web3.swift

EXTERNAL SOURCES:
  Flutter:
    :path: Flutter
  single_fact_auth_flutter:
    :path: ".symlinks/plugins/single_fact_auth_flutter/ios"

SPEC CHECKSUMS:
  BigInt: 74b4d88367b0e819d9f77393549226d36faeb0d8
  CryptoSwift: c4f2debceb38bf44c80659afe009f71e23e4a082
  Flutter: f04841e97a9d0b0a8025694d0796dd46242b2854
  GenericJSON: 79a840eeb77030962e8cf02a62d36bd413b67626
  KeychainSwift: 0ce6a4d13f7228054d1a71bb1b500448fb2ab837
  secp256k1.swift: a7e7a214f6db6ce5db32cc6b2b45e5c4dd633634
  single_fact_auth_flutter: dcb9a0a6052242d1366cebf0ffbbfd9db11b9637
  SingleFactorAuth: 9aa82543902e2a4de5a0a456a294eed5d3816d9d
  Torus-fetchNodeDetails: a92d02f1bfe91bd61c90f92d64df023babaa5bfa
  Torus-utils: 9ac46eb76935e328a6628108c94b66e1af1e7fa7
  TorusSessionManager: dcd47b52067fe32a8289f970580299783d58e286
  web3.swift: c6c3bf1f853743f8a7a58d263e5f7e46545e22c7

PODFILE CHECKSUM: d5c402b2f74646de5c7f24c1231886362b49b38f

COCOAPODS: 1.12.1
