PODS:
  - BigInt (5.2.0)
  - curvelib.swift (1.0.1)
  - Flutter (1.0.0)
  - KeychainSwift (20.0.0)
  - single_factor_auth_flutter (0.0.1):
    - Flutter
    - SingleFactorAuth (= 8.0.0)
  - SingleFactorAuth (8.0.0):
    - curvelib.swift (~> 1.0.1)
    - Torus-fetchNodeDetails (~> 6.0.3)
    - Torus-utils (~> 9.0.1)
    - TorusSessionManager (~> 5.0.0)
  - Torus-fetchNodeDetails (6.0.3):
    - BigInt (~> 5.2.0)
  - Torus-utils (9.0.1):
    - curvelib.swift (~> 1.0.1)
    - Torus-fetchNodeDetails (~> 6.0.3)
  - TorusSessionManager (5.0.0):
    - curvelib.swift (~> 1.0.1)
    - KeychainSwift (~> 20.0.0)

DEPENDENCIES:
  - Flutter (from `Flutter`)
  - single_factor_auth_flutter (from `.symlinks/plugins/single_factor_auth_flutter/ios`)

SPEC REPOS:
  trunk:
    - BigInt
    - curvelib.swift
    - KeychainSwift
    - SingleFactorAuth
    - Torus-fetchNodeDetails
    - Torus-utils
    - TorusSessionManager

EXTERNAL SOURCES:
  Flutter:
    :path: Flutter
  single_factor_auth_flutter:
    :path: ".symlinks/plugins/single_factor_auth_flutter/ios"

SPEC CHECKSUMS:
  BigInt: f668a80089607f521586bbe29513d708491ef2f7
  curvelib.swift: d0746ae82bee34016c06da3567a97e493b3c979f
  Flutter: e0871f40cf51350855a761d2e70bf5af5b9b5de7
  KeychainSwift: 0ce6a4d13f7228054d1a71bb1b500448fb2ab837
  single_factor_auth_flutter: 9617e5ffce9c0251bddb19cbe49293f921c13b79
  SingleFactorAuth: 2bfa8ad0fe8d0023fffdf1a5f0c9634ca3ee66d8
  Torus-fetchNodeDetails: 6c349f47cbca36a4b3f276fe26d03c1b39b20949
  Torus-utils: 1d23e6eedf9ee7df9ecc2605b765ad68eb194f71
  TorusSessionManager: 42c21f100d895976fabe3806cb9c575392f6e424

PODFILE CHECKSUM: d5c402b2f74646de5c7f24c1231886362b49b38f

COCOAPODS: 1.14.2
