PODS:
  - BigInt (5.2.0)
  - curvelib.swift (2.0.0)
  - Flutter (1.0.0)
  - JWTDecode (3.2.0)
  - KeychainSwift (20.0.0)
  - single_factor_auth_flutter (0.0.1):
    - Flutter
    - SingleFactorAuth (= 9.0.2)
  - SingleFactorAuth (9.0.2):
    - JWTDecode (~> 3.2)
    - Torus-utils (~> 10.0.0)
    - TorusSessionManager (~> 6.0.1)
  - Torus-fetchNodeDetails (8.0.0):
    - BigInt (~> 5.2.0)
  - Torus-utils (10.0.0):
    - curvelib.swift (~> 2.0.0)
    - Torus-fetchNodeDetails (~> 8.0.0)
  - TorusSessionManager (6.0.1):
    - curvelib.swift (~> 2.0.0)
    - KeychainSwift (~> 20.0.0)

DEPENDENCIES:
  - Flutter (from `Flutter`)
  - single_factor_auth_flutter (from `.symlinks/plugins/single_factor_auth_flutter/ios`)

SPEC REPOS:
  trunk:
    - BigInt
    - curvelib.swift
    - JWTDecode
    - KeychainSwift
    - SingleFactorAuth
    - Torus-fetchNodeDetails
    - Torus-utils
    - TorusSessionManager

EXTERNAL SOURCES:
  Flutter:
    :path: Flutter
  single_factor_auth_flutter:
    :path: ".symlinks/plugins/single_factor_auth_flutter/ios"

SPEC CHECKSUMS:
  BigInt: f668a80089607f521586bbe29513d708491ef2f7
  curvelib.swift: b9223e5cac801effed8a5fe8968e952b3fe427a5
  Flutter: e0871f40cf51350855a761d2e70bf5af5b9b5de7
  JWTDecode: 7dae24cb9bf9b608eae61e5081029ec169bb5527
  KeychainSwift: 0ce6a4d13f7228054d1a71bb1b500448fb2ab837
  single_factor_auth_flutter: a406fab1682326a08a0b5ceac835a8934d0db9be
  SingleFactorAuth: 0dd1e92f37b7175c6c1224afcde609615708a115
  Torus-fetchNodeDetails: 2a5fbb222ec28af4128d64e4c2d520c7db456b78
  Torus-utils: 4a1db3d9c1aa221df312ffa7ec154e7e4719850a
  TorusSessionManager: 9c9871718233dc020ab4fde9bdf37802f01dae10

PODFILE CHECKSUM: d5c402b2f74646de5c7f24c1231886362b49b38f

COCOAPODS: 1.14.2
